
Microsoft Visual Studio Solution File, Format Version 12.00
# Visual Studio Version 17
VisualStudioVersion = 17.7.34221.43
MinimumVisualStudioVersion = 10.0.40219.1
Project("{FAE04EC0-301F-11D3-BF4B-00C04F79EFBC}") = "BWImageConverter2.0", "BWImageConverter2.0.csproj", "{6DFA561D-B9F1-4B18-952C-D2E235D19E51}"
EndProject
Project("{FAE04EC0-301F-11D3-BF4B-00C04F79EFBC}") = "ConverterCode", "..\ConverterCode\ConverterCode.csproj", "{629AD006-E541-4A5F-A388-576F34D6E0AB}"
EndProject
Global
	GlobalSection(SolutionConfigurationPlatforms) = preSolution
		Debug|Any CPU = Debug|Any CPU
		Release|Any CPU = Release|Any CPU
	EndGlobalSection
	GlobalSection(ProjectConfigurationPlatforms) = postSolution
		{6DFA561D-B9F1-4B18-952C-D2E235D19E51}.Debug|Any CPU.ActiveCfg = Debug|Any CPU
		{6DFA561D-B9F1-4B18-952C-D2E235D19E51}.Debug|Any CPU.Build.0 = Debug|Any CPU
		{6DFA561D-B9F1-4B18-952C-D2E235D19E51}.Release|Any CPU.ActiveCfg = Release|Any CPU
		{6DFA561D-B9F1-4B18-952C-D2E235D19E51}.Release|Any CPU.Build.0 = Release|Any CPU
		{629AD006-E541-4A5F-A388-576F34D6E0AB}.Debug|Any CPU.ActiveCfg = Debug|Any CPU
		{629AD006-E541-4A5F-A388-576F34D6E0AB}.Debug|Any CPU.Build.0 = Debug|Any CPU
		{629AD006-E541-4A5F-A388-576F34D6E0AB}.Release|Any CPU.ActiveCfg = Release|Any CPU
		{629AD006-E541-4A5F-A388-576F34D6E0AB}.Release|Any CPU.Build.0 = Release|Any CPU
	EndGlobalSection
	GlobalSection(SolutionProperties) = preSolution
		HideSolutionNode = FALSE
	EndGlobalSection
	GlobalSection(ExtensibilityGlobals) = postSolution
		SolutionGuid = {BECAB12B-0BA4-499A-8D22-77AA529B063E}
	EndGlobalSection
EndGlobal
