
Microsoft Visual Studio Solution File, Format Version 12.00
# Visual Studio Version 17
VisualStudioVersion = 17.7.34221.43
MinimumVisualStudioVersion = 10.0.40219.1
Project("{FAE04EC0-301F-11D3-BF4B-00C04F79EFBC}") = "Converter", "Converter\Converter.csproj", "{55360A9D-C2F9-4C55-8895-353B413CB263}"
EndProject
Project("{FAE04EC0-301F-11D3-BF4B-00C04F79EFBC}") = "ConsoleAppConverter", "ConsoleAppConverter\ConsoleAppConverter.csproj", "{674DE3AA-ACCD-49CF-90EB-8B60D811B3C5}"
EndProject
Global
	GlobalSection(SolutionConfigurationPlatforms) = preSolution
		Debug|Any CPU = Debug|Any CPU
		Release|Any CPU = Release|Any CPU
	EndGlobalSection
	GlobalSection(ProjectConfigurationPlatforms) = postSolution
		{55360A9D-C2F9-4C55-8895-353B413CB263}.Debug|Any CPU.ActiveCfg = Debug|Any CPU
		{55360A9D-C2F9-4C55-8895-353B413CB263}.Debug|Any CPU.Build.0 = Debug|Any CPU
		{55360A9D-C2F9-4C55-8895-353B413CB263}.Release|Any CPU.ActiveCfg = Release|Any CPU
		{55360A9D-C2F9-4C55-8895-353B413CB263}.Release|Any CPU.Build.0 = Release|Any CPU
		{674DE3AA-ACCD-49CF-90EB-8B60D811B3C5}.Debug|Any CPU.ActiveCfg = Debug|Any CPU
		{674DE3AA-ACCD-49CF-90EB-8B60D811B3C5}.Debug|Any CPU.Build.0 = Debug|Any CPU
		{674DE3AA-ACCD-49CF-90EB-8B60D811B3C5}.Release|Any CPU.ActiveCfg = Release|Any CPU
		{674DE3AA-ACCD-49CF-90EB-8B60D811B3C5}.Release|Any CPU.Build.0 = Release|Any CPU
	EndGlobalSection
	GlobalSection(SolutionProperties) = preSolution
		HideSolutionNode = FALSE
	EndGlobalSection
	GlobalSection(ExtensibilityGlobals) = postSolution
		SolutionGuid = {043ADCC3-3136-4512-9198-75F62F4C9CC5}
	EndGlobalSection
EndGlobal
